
Microsoft Visual Studio Solution File, Format Version 12.00
# Visual Studio Version 16
VisualStudioVersion = 16.0.29728.190
MinimumVisualStudioVersion = 10.0.40219.1
Project("{FAE04EC0-301F-11D3-BF4B-00C04F79EFBC}") = "WpfApp1", "WpfApp1\WpfApp1.csproj", "{193F6CE4-342F-49B4-BC1E-DE2A322003ED}"
EndProject
Project("{FAE04EC0-301F-11D3-BF4B-00C04F79EFBC}") = "WpfApp5", "..\WpfApp5\WpfApp5\WpfApp5.csproj", "{09A49C7D-B3AA-4842-8C7E-DED0EBAC5CB8}"
EndProject
Global
	GlobalSection(SolutionConfigurationPlatforms) = preSolution
		Debug|Any CPU = Debug|Any CPU
		Release|Any CPU = Release|Any CPU
	EndGlobalSection
	GlobalSection(ProjectConfigurationPlatforms) = postSolution
		{193F6CE4-342F-49B4-BC1E-DE2A322003ED}.Debug|Any CPU.ActiveCfg = Debug|Any CPU
		{193F6CE4-342F-49B4-BC1E-DE2A322003ED}.Debug|Any CPU.Build.0 = Debug|Any CPU
		{193F6CE4-342F-49B4-BC1E-DE2A322003ED}.Release|Any CPU.ActiveCfg = Release|Any CPU
		{193F6CE4-342F-49B4-BC1E-DE2A322003ED}.Release|Any CPU.Build.0 = Release|Any CPU
		{09A49C7D-B3AA-4842-8C7E-DED0EBAC5CB8}.Debug|Any CPU.ActiveCfg = Debug|Any CPU
		{09A49C7D-B3AA-4842-8C7E-DED0EBAC5CB8}.Debug|Any CPU.Build.0 = Debug|Any CPU
		{09A49C7D-B3AA-4842-8C7E-DED0EBAC5CB8}.Release|Any CPU.ActiveCfg = Release|Any CPU
		{09A49C7D-B3AA-4842-8C7E-DED0EBAC5CB8}.Release|Any CPU.Build.0 = Release|Any CPU
	EndGlobalSection
	GlobalSection(SolutionProperties) = preSolution
		HideSolutionNode = FALSE
	EndGlobalSection
	GlobalSection(ExtensibilityGlobals) = postSolution
		SolutionGuid = {84AB1537-581D-49F1-9C73-91238F4F63A5}
	EndGlobalSection
EndGlobal
